// !$*UTF8*$!
{
	archiveVersion = 1;
	classes = {
	};
	objectVersion = 55;
	objects = {

/* Begin PBXBuildFile section */
		1749ED6F27E88116003CD091 /* MediaTypesViewController.swift in Sources */ = {isa = PBXBuildFile; fileRef = 1749ED6E27E88116003CD091 /* MediaTypesViewController.swift */; };
		1749ED7127E99A95003CD091 /* UIViewController+Extension.swift in Sources */ = {isa = PBXBuildFile; fileRef = 1749ED7027E99A95003CD091 /* UIViewController+Extension.swift */; };
		1749ED7427E9AEE8003CD091 /* ServiceManager.swift in Sources */ = {isa = PBXBuildFile; fileRef = 1749ED7327E9AEE8003CD091 /* ServiceManager.swift */; };
		1749ED7827E9B7DC003CD091 /* ResultModel.swift in Sources */ = {isa = PBXBuildFile; fileRef = 1749ED7727E9B7DC003CD091 /* ResultModel.swift */; };
		1749ED7C27E9F582003CD091 /* ResultCollectionViewCell.swift in Sources */ = {isa = PBXBuildFile; fileRef = 1749ED7A27E9F582003CD091 /* ResultCollectionViewCell.swift */; };
		1749ED7D27E9F582003CD091 /* ResultCollectionViewCell.xib in Resources */ = {isa = PBXBuildFile; fileRef = 1749ED7B27E9F582003CD091 /* ResultCollectionViewCell.xib */; };
		1749ED8027E9F6CF003CD091 /* CollectionHeaderView.swift in Sources */ = {isa = PBXBuildFile; fileRef = 1749ED7E27E9F6CF003CD091 /* CollectionHeaderView.swift */; };
		1749ED8127E9F6CF003CD091 /* CollectionHeaderView.xib in Resources */ = {isa = PBXBuildFile; fileRef = 1749ED7F27E9F6CF003CD091 /* CollectionHeaderView.xib */; };
		1749ED8327E9F74B003CD091 /* ListFlowLayout.swift in Sources */ = {isa = PBXBuildFile; fileRef = 1749ED8227E9F74B003CD091 /* ListFlowLayout.swift */; };
		1749ED8527E9F766003CD091 /* GridFlowLayout.swift in Sources */ = {isa = PBXBuildFile; fileRef = 1749ED8427E9F766003CD091 /* GridFlowLayout.swift */; };
		1776703D27E73315009011C1 /* AppDelegate.swift in Sources */ = {isa = PBXBuildFile; fileRef = 1776703C27E73315009011C1 /* AppDelegate.swift */; };
		1776703F27E73315009011C1 /* SceneDelegate.swift in Sources */ = {isa = PBXBuildFile; fileRef = 1776703E27E73315009011C1 /* SceneDelegate.swift */; };
		1776704127E73315009011C1 /* SearchCriteriaViewController.swift in Sources */ = {isa = PBXBuildFile; fileRef = 1776704027E73315009011C1 /* SearchCriteriaViewController.swift */; };
		1776704427E73315009011C1 /* Main.storyboard in Resources */ = {isa = PBXBuildFile; fileRef = 1776704227E73315009011C1 /* Main.storyboard */; };
		1776704627E73317009011C1 /* Assets.xcassets in Resources */ = {isa = PBXBuildFile; fileRef = 1776704527E73317009011C1 /* Assets.xcassets */; };
		1776704927E73317009011C1 /* LaunchScreen.storyboard in Resources */ = {isa = PBXBuildFile; fileRef = 1776704727E73317009011C1 /* LaunchScreen.storyboard */; };
		1776705E27E73318009011C1 /* ItunesClientUITests.swift in Sources */ = {isa = PBXBuildFile; fileRef = 1776705D27E73318009011C1 /* ItunesClientUITests.swift */; };
		1776706027E73318009011C1 /* ItunesClientUITestsLaunchTests.swift in Sources */ = {isa = PBXBuildFile; fileRef = 1776705F27E73318009011C1 /* ItunesClientUITestsLaunchTests.swift */; };
		1776706D27E73918009011C1 /* SearchResultViewController.swift in Sources */ = {isa = PBXBuildFile; fileRef = 1776706C27E73918009011C1 /* SearchResultViewController.swift */; };
		179ED6EC27EB396B007F2BBB /* SearchCriteriaTests.swift in Sources */ = {isa = PBXBuildFile; fileRef = 179ED6EB27EB396B007F2BBB /* SearchCriteriaTests.swift */; };
		179ED6EE27EB4460007F2BBB /* SearchResultTest.swift in Sources */ = {isa = PBXBuildFile; fileRef = 179ED6ED27EB4460007F2BBB /* SearchResultTest.swift */; };
		179ED6F527EB589A007F2BBB /* MediaTypesTest.swift in Sources */ = {isa = PBXBuildFile; fileRef = 179ED6F427EB589A007F2BBB /* MediaTypesTest.swift */; };
		17B19D1527EA1B3500647718 /* NetworkError.swift in Sources */ = {isa = PBXBuildFile; fileRef = 17B19D1427EA1B3500647718 /* NetworkError.swift */; };
		17B19D1827EA1B6400647718 /* KindType.swift in Sources */ = {isa = PBXBuildFile; fileRef = 17B19D1727EA1B6400647718 /* KindType.swift */; };
		17B19D1A27EA1C3300647718 /* MediaTypes.swift in Sources */ = {isa = PBXBuildFile; fileRef = 17B19D1927EA1C3300647718 /* MediaTypes.swift */; };
		17B19D2327EA36F500647718 /* MediaTypesRouter.swift in Sources */ = {isa = PBXBuildFile; fileRef = 17B19D2227EA36F500647718 /* MediaTypesRouter.swift */; };
		17B19D2527EA372300647718 /* MediaTypesPresenter.swift in Sources */ = {isa = PBXBuildFile; fileRef = 17B19D2427EA372300647718 /* MediaTypesPresenter.swift */; };
		17B19D2727EA374000647718 /* MediaTypesInteractor.swift in Sources */ = {isa = PBXBuildFile; fileRef = 17B19D2627EA374000647718 /* MediaTypesInteractor.swift */; };
		17B19D2A27EA4F5500647718 /* SearchCriteriaRouter.swift in Sources */ = {isa = PBXBuildFile; fileRef = 17B19D2927EA4F5500647718 /* SearchCriteriaRouter.swift */; };
		17B19D2C27EA4F6400647718 /* SearchCriteriaPresenter.swift in Sources */ = {isa = PBXBuildFile; fileRef = 17B19D2B27EA4F6400647718 /* SearchCriteriaPresenter.swift */; };
		17B19D2E27EA4F7700647718 /* SearchCriteriaInteractor.swift in Sources */ = {isa = PBXBuildFile; fileRef = 17B19D2D27EA4F7700647718 /* SearchCriteriaInteractor.swift */; };
		17B19D3027EA59C400647718 /* SearchResultRouter.swift in Sources */ = {isa = PBXBuildFile; fileRef = 17B19D2F27EA59C400647718 /* SearchResultRouter.swift */; };
		17B19D3227EA59D300647718 /* SearchResultPresenter.swift in Sources */ = {isa = PBXBuildFile; fileRef = 17B19D3127EA59D300647718 /* SearchResultPresenter.swift */; };
		17B19D3427EA59E000647718 /* SearchResultInteractor.swift in Sources */ = {isa = PBXBuildFile; fileRef = 17B19D3327EA59E000647718 /* SearchResultInteractor.swift */; };
		17B19D3627EAE0AE00647718 /* UIImageView+Extension.swift in Sources */ = {isa = PBXBuildFile; fileRef = 17B19D3527EAE0AE00647718 /* UIImageView+Extension.swift */; };
		17EDB2E827EB73450025F887 /* UIView+Extension.swift in Sources */ = {isa = PBXBuildFile; fileRef = 17EDB2E727EB73450025F887 /* UIView+Extension.swift */; };
/* End PBXBuildFile section */

/* Begin PBXContainerItemProxy section */
		1776705027E73318009011C1 /* PBXContainerItemProxy */ = {
			isa = PBXContainerItemProxy;
			containerPortal = 1776703127E73315009011C1 /* Project object */;
			proxyType = 1;
			remoteGlobalIDString = 1776703827E73315009011C1;
			remoteInfo = iTunesClient;
		};
		1776705A27E73318009011C1 /* PBXContainerItemProxy */ = {
			isa = PBXContainerItemProxy;
			containerPortal = 1776703127E73315009011C1 /* Project object */;
			proxyType = 1;
			remoteGlobalIDString = 1776703827E73315009011C1;
			remoteInfo = iTunesClient;
		};
/* End PBXContainerItemProxy section */

/* Begin PBXFileReference section */
		1749ED6E27E88116003CD091 /* MediaTypesViewController.swift */ = {isa = PBXFileReference; lastKnownFileType = sourcecode.swift; path = MediaTypesViewController.swift; sourceTree = "<group>"; };
		1749ED7027E99A95003CD091 /* UIViewController+Extension.swift */ = {isa = PBXFileReference; lastKnownFileType = sourcecode.swift; path = "UIViewController+Extension.swift"; sourceTree = "<group>"; };
		1749ED7327E9AEE8003CD091 /* ServiceManager.swift */ = {isa = PBXFileReference; lastKnownFileType = sourcecode.swift; path = ServiceManager.swift; sourceTree = "<group>"; };
		1749ED7727E9B7DC003CD091 /* ResultModel.swift */ = {isa = PBXFileReference; lastKnownFileType = sourcecode.swift; path = ResultModel.swift; sourceTree = "<group>"; };
		1749ED7A27E9F582003CD091 /* ResultCollectionViewCell.swift */ = {isa = PBXFileReference; lastKnownFileType = sourcecode.swift; path = ResultCollectionViewCell.swift; sourceTree = "<group>"; };
		1749ED7B27E9F582003CD091 /* ResultCollectionViewCell.xib */ = {isa = PBXFileReference; lastKnownFileType = file.xib; path = ResultCollectionViewCell.xib; sourceTree = "<group>"; };
		1749ED7E27E9F6CF003CD091 /* CollectionHeaderView.swift */ = {isa = PBXFileReference; lastKnownFileType = sourcecode.swift; path = CollectionHeaderView.swift; sourceTree = "<group>"; };
		1749ED7F27E9F6CF003CD091 /* CollectionHeaderView.xib */ = {isa = PBXFileReference; lastKnownFileType = file.xib; path = CollectionHeaderView.xib; sourceTree = "<group>"; };
		1749ED8227E9F74B003CD091 /* ListFlowLayout.swift */ = {isa = PBXFileReference; lastKnownFileType = sourcecode.swift; path = ListFlowLayout.swift; sourceTree = "<group>"; };
		1749ED8427E9F766003CD091 /* GridFlowLayout.swift */ = {isa = PBXFileReference; lastKnownFileType = sourcecode.swift; path = GridFlowLayout.swift; sourceTree = "<group>"; };
		1776703927E73315009011C1 /* iTunesClient.app */ = {isa = PBXFileReference; explicitFileType = wrapper.application; includeInIndex = 0; path = iTunesClient.app; sourceTree = BUILT_PRODUCTS_DIR; };
		1776703C27E73315009011C1 /* AppDelegate.swift */ = {isa = PBXFileReference; lastKnownFileType = sourcecode.swift; path = AppDelegate.swift; sourceTree = "<group>"; };
		1776703E27E73315009011C1 /* SceneDelegate.swift */ = {isa = PBXFileReference; lastKnownFileType = sourcecode.swift; path = SceneDelegate.swift; sourceTree = "<group>"; };
		1776704027E73315009011C1 /* SearchCriteriaViewController.swift */ = {isa = PBXFileReference; lastKnownFileType = sourcecode.swift; path = SearchCriteriaViewController.swift; sourceTree = "<group>"; };
		1776704327E73315009011C1 /* Base */ = {isa = PBXFileReference; lastKnownFileType = file.storyboard; name = Base; path = Base.lproj/Main.storyboard; sourceTree = "<group>"; };
		1776704527E73317009011C1 /* Assets.xcassets */ = {isa = PBXFileReference; lastKnownFileType = folder.assetcatalog; path = Assets.xcassets; sourceTree = "<group>"; };
		1776704827E73317009011C1 /* Base */ = {isa = PBXFileReference; lastKnownFileType = file.storyboard; name = Base; path = Base.lproj/LaunchScreen.storyboard; sourceTree = "<group>"; };
		1776704A27E73317009011C1 /* Info.plist */ = {isa = PBXFileReference; lastKnownFileType = text.plist.xml; path = Info.plist; sourceTree = "<group>"; };
		1776704F27E73318009011C1 /* iTunesClientTests.xctest */ = {isa = PBXFileReference; explicitFileType = wrapper.cfbundle; includeInIndex = 0; path = iTunesClientTests.xctest; sourceTree = BUILT_PRODUCTS_DIR; };
		1776705927E73318009011C1 /* iTunesClientUITests.xctest */ = {isa = PBXFileReference; explicitFileType = wrapper.cfbundle; includeInIndex = 0; path = iTunesClientUITests.xctest; sourceTree = BUILT_PRODUCTS_DIR; };
		1776705D27E73318009011C1 /* ItunesClientUITests.swift */ = {isa = PBXFileReference; lastKnownFileType = sourcecode.swift; path = ItunesClientUITests.swift; sourceTree = "<group>"; };
		1776705F27E73318009011C1 /* ItunesClientUITestsLaunchTests.swift */ = {isa = PBXFileReference; lastKnownFileType = sourcecode.swift; path = ItunesClientUITestsLaunchTests.swift; sourceTree = "<group>"; };
		1776706C27E73918009011C1 /* SearchResultViewController.swift */ = {isa = PBXFileReference; lastKnownFileType = sourcecode.swift; path = SearchResultViewController.swift; sourceTree = "<group>"; };
		179ED6EB27EB396B007F2BBB /* SearchCriteriaTests.swift */ = {isa = PBXFileReference; lastKnownFileType = sourcecode.swift; path = SearchCriteriaTests.swift; sourceTree = "<group>"; };
		179ED6ED27EB4460007F2BBB /* SearchResultTest.swift */ = {isa = PBXFileReference; lastKnownFileType = sourcecode.swift; path = SearchResultTest.swift; sourceTree = "<group>"; };
		179ED6F427EB589A007F2BBB /* MediaTypesTest.swift */ = {isa = PBXFileReference; lastKnownFileType = sourcecode.swift; path = MediaTypesTest.swift; sourceTree = "<group>"; };
		17B19D1427EA1B3500647718 /* NetworkError.swift */ = {isa = PBXFileReference; lastKnownFileType = sourcecode.swift; path = NetworkError.swift; sourceTree = "<group>"; };
		17B19D1727EA1B6400647718 /* KindType.swift */ = {isa = PBXFileReference; lastKnownFileType = sourcecode.swift; path = KindType.swift; sourceTree = "<group>"; };
		17B19D1927EA1C3300647718 /* MediaTypes.swift */ = {isa = PBXFileReference; lastKnownFileType = sourcecode.swift; path = MediaTypes.swift; sourceTree = "<group>"; };
		17B19D2227EA36F500647718 /* MediaTypesRouter.swift */ = {isa = PBXFileReference; lastKnownFileType = sourcecode.swift; path = MediaTypesRouter.swift; sourceTree = "<group>"; };
		17B19D2427EA372300647718 /* MediaTypesPresenter.swift */ = {isa = PBXFileReference; lastKnownFileType = sourcecode.swift; path = MediaTypesPresenter.swift; sourceTree = "<group>"; };
		17B19D2627EA374000647718 /* MediaTypesInteractor.swift */ = {isa = PBXFileReference; lastKnownFileType = sourcecode.swift; path = MediaTypesInteractor.swift; sourceTree = "<group>"; };
		17B19D2927EA4F5500647718 /* SearchCriteriaRouter.swift */ = {isa = PBXFileReference; lastKnownFileType = sourcecode.swift; path = SearchCriteriaRouter.swift; sourceTree = "<group>"; };
		17B19D2B27EA4F6400647718 /* SearchCriteriaPresenter.swift */ = {isa = PBXFileReference; lastKnownFileType = sourcecode.swift; path = SearchCriteriaPresenter.swift; sourceTree = "<group>"; };
		17B19D2D27EA4F7700647718 /* SearchCriteriaInteractor.swift */ = {isa = PBXFileReference; lastKnownFileType = sourcecode.swift; path = SearchCriteriaInteractor.swift; sourceTree = "<group>"; };
		17B19D2F27EA59C400647718 /* SearchResultRouter.swift */ = {isa = PBXFileReference; lastKnownFileType = sourcecode.swift; path = SearchResultRouter.swift; sourceTree = "<group>"; };
		17B19D3127EA59D300647718 /* SearchResultPresenter.swift */ = {isa = PBXFileReference; lastKnownFileType = sourcecode.swift; path = SearchResultPresenter.swift; sourceTree = "<group>"; };
		17B19D3327EA59E000647718 /* SearchResultInteractor.swift */ = {isa = PBXFileReference; lastKnownFileType = sourcecode.swift; path = SearchResultInteractor.swift; sourceTree = "<group>"; };
		17B19D3527EAE0AE00647718 /* UIImageView+Extension.swift */ = {isa = PBXFileReference; lastKnownFileType = sourcecode.swift; path = "UIImageView+Extension.swift"; sourceTree = "<group>"; };
		17EDB2E727EB73450025F887 /* UIView+Extension.swift */ = {isa = PBXFileReference; lastKnownFileType = sourcecode.swift; path = "UIView+Extension.swift"; sourceTree = "<group>"; };
/* End PBXFileReference section */

/* Begin PBXFrameworksBuildPhase section */
		1776703627E73315009011C1 /* Frameworks */ = {
			isa = PBXFrameworksBuildPhase;
			buildActionMask = 2147483647;
			files = (
			);
			runOnlyForDeploymentPostprocessing = 0;
		};
		1776704C27E73318009011C1 /* Frameworks */ = {
			isa = PBXFrameworksBuildPhase;
			buildActionMask = 2147483647;
			files = (
			);
			runOnlyForDeploymentPostprocessing = 0;
		};
		1776705627E73318009011C1 /* Frameworks */ = {
			isa = PBXFrameworksBuildPhase;
			buildActionMask = 2147483647;
			files = (
			);
			runOnlyForDeploymentPostprocessing = 0;
		};
/* End PBXFrameworksBuildPhase section */

/* Begin PBXGroup section */
		1749ED7227E99E3F003CD091 /* Extesions */ = {
			isa = PBXGroup;
			children = (
				1749ED7027E99A95003CD091 /* UIViewController+Extension.swift */,
				17B19D3527EAE0AE00647718 /* UIImageView+Extension.swift */,
				17EDB2E727EB73450025F887 /* UIView+Extension.swift */,
			);
			path = Extesions;
			sourceTree = "<group>";
		};
		1749ED7927E9F53D003CD091 /* Cells */ = {
			isa = PBXGroup;
			children = (
				1749ED7A27E9F582003CD091 /* ResultCollectionViewCell.swift */,
				1749ED7B27E9F582003CD091 /* ResultCollectionViewCell.xib */,
				1749ED7E27E9F6CF003CD091 /* CollectionHeaderView.swift */,
				1749ED7F27E9F6CF003CD091 /* CollectionHeaderView.xib */,
				1749ED8227E9F74B003CD091 /* ListFlowLayout.swift */,
				1749ED8427E9F766003CD091 /* GridFlowLayout.swift */,
			);
			path = Cells;
			sourceTree = "<group>";
		};
		1776703027E73315009011C1 = {
			isa = PBXGroup;
			children = (
				1776703B27E73315009011C1 /* iTunesClient */,
				1776705227E73318009011C1 /* iTunesClientTests */,
				1776705C27E73318009011C1 /* iTunesClientUITests */,
				1776703A27E73315009011C1 /* Products */,
			);
			sourceTree = "<group>";
		};
		1776703A27E73315009011C1 /* Products */ = {
			isa = PBXGroup;
			children = (
				1776703927E73315009011C1 /* iTunesClient.app */,
				1776704F27E73318009011C1 /* iTunesClientTests.xctest */,
				1776705927E73318009011C1 /* iTunesClientUITests.xctest */,
			);
			name = Products;
			sourceTree = "<group>";
		};
		1776703B27E73315009011C1 /* iTunesClient */ = {
			isa = PBXGroup;
			children = (
				1776703C27E73315009011C1 /* AppDelegate.swift */,
				1776703E27E73315009011C1 /* SceneDelegate.swift */,
				17B19D2827EA393300647718 /* MainStoryBoard */,
				17B19D1F27EA335D00647718 /* MediaType */,
				17B19D1D27EA333A00647718 /* SearchCriteria */,
				17B19D1E27EA334C00647718 /* SearchResult */,
				1749ED7927E9F53D003CD091 /* Cells */,
				17B19D1627EA1B3B00647718 /* Enums */,
				1749ED7227E99E3F003CD091 /* Extesions */,
				17B19D2027EA337A00647718 /* SerivceManager */,
				1776704527E73317009011C1 /* Assets.xcassets */,
				1776704727E73317009011C1 /* LaunchScreen.storyboard */,
				1776704A27E73317009011C1 /* Info.plist */,
			);
			path = iTunesClient;
			sourceTree = "<group>";
		};
		1776705227E73318009011C1 /* iTunesClientTests */ = {
			isa = PBXGroup;
			children = (
				179ED6EB27EB396B007F2BBB /* SearchCriteriaTests.swift */,
				179ED6ED27EB4460007F2BBB /* SearchResultTest.swift */,
				179ED6F427EB589A007F2BBB /* MediaTypesTest.swift */,
			);
			path = iTunesClientTests;
			sourceTree = "<group>";
		};
		1776705C27E73318009011C1 /* iTunesClientUITests */ = {
			isa = PBXGroup;
			children = (
				1776705D27E73318009011C1 /* ItunesClientUITests.swift */,
				1776705F27E73318009011C1 /* ItunesClientUITestsLaunchTests.swift */,
			);
			path = iTunesClientUITests;
			sourceTree = "<group>";
		};
		17B19D1627EA1B3B00647718 /* Enums */ = {
			isa = PBXGroup;
			children = (
				17B19D1427EA1B3500647718 /* NetworkError.swift */,
				17B19D1927EA1C3300647718 /* MediaTypes.swift */,
			);
			path = Enums;
			sourceTree = "<group>";
		};
		17B19D1D27EA333A00647718 /* SearchCriteria */ = {
			isa = PBXGroup;
			children = (
				1776704027E73315009011C1 /* SearchCriteriaViewController.swift */,
				17B19D2927EA4F5500647718 /* SearchCriteriaRouter.swift */,
				17B19D2B27EA4F6400647718 /* SearchCriteriaPresenter.swift */,
				17B19D2D27EA4F7700647718 /* SearchCriteriaInteractor.swift */,
			);
			path = SearchCriteria;
			sourceTree = "<group>";
		};
		17B19D1E27EA334C00647718 /* SearchResult */ = {
			isa = PBXGroup;
			children = (
				1776706C27E73918009011C1 /* SearchResultViewController.swift */,
				17B19D2F27EA59C400647718 /* SearchResultRouter.swift */,
				17B19D3127EA59D300647718 /* SearchResultPresenter.swift */,
				17B19D3327EA59E000647718 /* SearchResultInteractor.swift */,
			);
			path = SearchResult;
			sourceTree = "<group>";
		};
		17B19D1F27EA335D00647718 /* MediaType */ = {
			isa = PBXGroup;
			children = (
				1749ED6E27E88116003CD091 /* MediaTypesViewController.swift */,
				17B19D2227EA36F500647718 /* MediaTypesRouter.swift */,
				17B19D2427EA372300647718 /* MediaTypesPresenter.swift */,
				17B19D2627EA374000647718 /* MediaTypesInteractor.swift */,
			);
			path = MediaType;
			sourceTree = "<group>";
		};
		17B19D2027EA337A00647718 /* SerivceManager */ = {
			isa = PBXGroup;
			children = (
				17B19D2127EA33A600647718 /* Codable Model */,
				1749ED7327E9AEE8003CD091 /* ServiceManager.swift */,
			);
			path = SerivceManager;
			sourceTree = "<group>";
		};
		17B19D2127EA33A600647718 /* Codable Model */ = {
			isa = PBXGroup;
			children = (
				1749ED7727E9B7DC003CD091 /* ResultModel.swift */,
				17B19D1727EA1B6400647718 /* KindType.swift */,
			);
			path = "Codable Model";
			sourceTree = "<group>";
		};
		17B19D2827EA393300647718 /* MainStoryBoard */ = {
			isa = PBXGroup;
			children = (
				1776704227E73315009011C1 /* Main.storyboard */,
			);
			path = MainStoryBoard;
			sourceTree = "<group>";
		};
/* End PBXGroup section */

/* Begin PBXNativeTarget section */
		1776703827E73315009011C1 /* iTunesClient */ = {
			isa = PBXNativeTarget;
			buildConfigurationList = 1776706327E73318009011C1 /* Build configuration list for PBXNativeTarget "iTunesClient" */;
			buildPhases = (
				1776703527E73315009011C1 /* Sources */,
				1776703627E73315009011C1 /* Frameworks */,
				1776703727E73315009011C1 /* Resources */,
				1749ED6D27E85556003CD091 /* ShellScript */,
			);
			buildRules = (
			);
			dependencies = (
			);
			name = iTunesClient;
			productName = iTunesClient;
			productReference = 1776703927E73315009011C1 /* iTunesClient.app */;
			productType = "com.apple.product-type.application";
		};
		1776704E27E73318009011C1 /* iTunesClientTests */ = {
			isa = PBXNativeTarget;
			buildConfigurationList = 1776706627E73318009011C1 /* Build configuration list for PBXNativeTarget "iTunesClientTests" */;
			buildPhases = (
				1776704B27E73318009011C1 /* Sources */,
				1776704C27E73318009011C1 /* Frameworks */,
				1776704D27E73318009011C1 /* Resources */,
			);
			buildRules = (
			);
			dependencies = (
				1776705127E73318009011C1 /* PBXTargetDependency */,
			);
			name = iTunesClientTests;
			productName = iTunesClientTests;
			productReference = 1776704F27E73318009011C1 /* iTunesClientTests.xctest */;
			productType = "com.apple.product-type.bundle.unit-test";
		};
		1776705827E73318009011C1 /* iTunesClientUITests */ = {
			isa = PBXNativeTarget;
			buildConfigurationList = 1776706927E73318009011C1 /* Build configuration list for PBXNativeTarget "iTunesClientUITests" */;
			buildPhases = (
				1776705527E73318009011C1 /* Sources */,
				1776705627E73318009011C1 /* Frameworks */,
				1776705727E73318009011C1 /* Resources */,
			);
			buildRules = (
			);
			dependencies = (
				1776705B27E73318009011C1 /* PBXTargetDependency */,
			);
			name = iTunesClientUITests;
			productName = iTunesClientUITests;
			productReference = 1776705927E73318009011C1 /* iTunesClientUITests.xctest */;
			productType = "com.apple.product-type.bundle.ui-testing";
		};
/* End PBXNativeTarget section */

/* Begin PBXProject section */
		1776703127E73315009011C1 /* Project object */ = {
			isa = PBXProject;
			attributes = {
				BuildIndependentTargetsInParallel = 1;
				LastSwiftUpdateCheck = 1320;
				LastUpgradeCheck = 1320;
				TargetAttributes = {
					1776703827E73315009011C1 = {
						CreatedOnToolsVersion = 13.2.1;
					};
					1776704E27E73318009011C1 = {
						CreatedOnToolsVersion = 13.2.1;
						TestTargetID = 1776703827E73315009011C1;
					};
					1776705827E73318009011C1 = {
						CreatedOnToolsVersion = 13.2.1;
						TestTargetID = 1776703827E73315009011C1;
					};
				};
			};
			buildConfigurationList = 1776703427E73315009011C1 /* Build configuration list for PBXProject "iTunesClient" */;
			compatibilityVersion = "Xcode 13.0";
			developmentRegion = en;
			hasScannedForEncodings = 0;
			knownRegions = (
				en,
				Base,
			);
			mainGroup = 1776703027E73315009011C1;
			productRefGroup = 1776703A27E73315009011C1 /* Products */;
			projectDirPath = "";
			projectRoot = "";
			targets = (
				1776703827E73315009011C1 /* iTunesClient */,
				1776704E27E73318009011C1 /* iTunesClientTests */,
				1776705827E73318009011C1 /* iTunesClientUITests */,
			);
		};
/* End PBXProject section */

/* Begin PBXResourcesBuildPhase section */
		1776703727E73315009011C1 /* Resources */ = {
			isa = PBXResourcesBuildPhase;
			buildActionMask = 2147483647;
			files = (
				1776704927E73317009011C1 /* LaunchScreen.storyboard in Resources */,
				1776704627E73317009011C1 /* Assets.xcassets in Resources */,
				1776704427E73315009011C1 /* Main.storyboard in Resources */,
				1749ED8127E9F6CF003CD091 /* CollectionHeaderView.xib in Resources */,
				1749ED7D27E9F582003CD091 /* ResultCollectionViewCell.xib in Resources */,
			);
			runOnlyForDeploymentPostprocessing = 0;
		};
		1776704D27E73318009011C1 /* Resources */ = {
			isa = PBXResourcesBuildPhase;
			buildActionMask = 2147483647;
			files = (
			);
			runOnlyForDeploymentPostprocessing = 0;
		};
		1776705727E73318009011C1 /* Resources */ = {
			isa = PBXResourcesBuildPhase;
			buildActionMask = 2147483647;
			files = (
			);
			runOnlyForDeploymentPostprocessing = 0;
		};
/* End PBXResourcesBuildPhase section */

/* Begin PBXShellScriptBuildPhase section */
		1749ED6D27E85556003CD091 /* ShellScript */ = {
			isa = PBXShellScriptBuildPhase;
			buildActionMask = 2147483647;
			files = (
			);
			inputFileListPaths = (
			);
			inputPaths = (
			);
			outputFileListPaths = (
			);
			outputPaths = (
			);
			runOnlyForDeploymentPostprocessing = 0;
			shellPath = /bin/sh;
			shellScript = "# Type a script or drag a script file from your workspace to insert its path.\nif which swiftlint >/dev/null; then\nswiftlint\nelse\necho \"warning: SwiftLint not installed, download from https://github.com/realm/SwiftLint\"\nfi\n";
		};
/* End PBXShellScriptBuildPhase section */

/* Begin PBXSourcesBuildPhase section */
		1776703527E73315009011C1 /* Sources */ = {
			isa = PBXSourcesBuildPhase;
			buildActionMask = 2147483647;
			files = (
				17B19D1A27EA1C3300647718 /* MediaTypes.swift in Sources */,
				1749ED7127E99A95003CD091 /* UIViewController+Extension.swift in Sources */,
				17B19D3227EA59D300647718 /* SearchResultPresenter.swift in Sources */,
				1749ED8027E9F6CF003CD091 /* CollectionHeaderView.swift in Sources */,
				1749ED7C27E9F582003CD091 /* ResultCollectionViewCell.swift in Sources */,
				1749ED8527E9F766003CD091 /* GridFlowLayout.swift in Sources */,
				17B19D2527EA372300647718 /* MediaTypesPresenter.swift in Sources */,
				17B19D3427EA59E000647718 /* SearchResultInteractor.swift in Sources */,
				1776704127E73315009011C1 /* SearchCriteriaViewController.swift in Sources */,
				17B19D2E27EA4F7700647718 /* SearchCriteriaInteractor.swift in Sources */,
				17B19D3627EAE0AE00647718 /* UIImageView+Extension.swift in Sources */,
				1776703D27E73315009011C1 /* AppDelegate.swift in Sources */,
				17B19D3027EA59C400647718 /* SearchResultRouter.swift in Sources */,
				1776706D27E73918009011C1 /* SearchResultViewController.swift in Sources */,
				17EDB2E827EB73450025F887 /* UIView+Extension.swift in Sources */,
				17B19D2C27EA4F6400647718 /* SearchCriteriaPresenter.swift in Sources */,
				17B19D2727EA374000647718 /* MediaTypesInteractor.swift in Sources */,
				1749ED7827E9B7DC003CD091 /* ResultModel.swift in Sources */,
				1749ED8327E9F74B003CD091 /* ListFlowLayout.swift in Sources */,
				1776703F27E73315009011C1 /* SceneDelegate.swift in Sources */,
				17B19D1527EA1B3500647718 /* NetworkError.swift in Sources */,
				17B19D1827EA1B6400647718 /* KindType.swift in Sources */,
				17B19D2327EA36F500647718 /* MediaTypesRouter.swift in Sources */,
				1749ED7427E9AEE8003CD091 /* ServiceManager.swift in Sources */,
				17B19D2A27EA4F5500647718 /* SearchCriteriaRouter.swift in Sources */,
				1749ED6F27E88116003CD091 /* MediaTypesViewController.swift in Sources */,
			);
			runOnlyForDeploymentPostprocessing = 0;
		};
		1776704B27E73318009011C1 /* Sources */ = {
			isa = PBXSourcesBuildPhase;
			buildActionMask = 2147483647;
			files = (
				179ED6F527EB589A007F2BBB /* MediaTypesTest.swift in Sources */,
				179ED6EE27EB4460007F2BBB /* SearchResultTest.swift in Sources */,
				179ED6EC27EB396B007F2BBB /* SearchCriteriaTests.swift in Sources */,
			);
			runOnlyForDeploymentPostprocessing = 0;
		};
		1776705527E73318009011C1 /* Sources */ = {
			isa = PBXSourcesBuildPhase;
			buildActionMask = 2147483647;
			files = (
				1776705E27E73318009011C1 /* ItunesClientUITests.swift in Sources */,
				1776706027E73318009011C1 /* ItunesClientUITestsLaunchTests.swift in Sources */,
			);
			runOnlyForDeploymentPostprocessing = 0;
		};
/* End PBXSourcesBuildPhase section */

/* Begin PBXTargetDependency section */
		1776705127E73318009011C1 /* PBXTargetDependency */ = {
			isa = PBXTargetDependency;
			target = 1776703827E73315009011C1 /* iTunesClient */;
			targetProxy = 1776705027E73318009011C1 /* PBXContainerItemProxy */;
		};
		1776705B27E73318009011C1 /* PBXTargetDependency */ = {
			isa = PBXTargetDependency;
			target = 1776703827E73315009011C1 /* iTunesClient */;
			targetProxy = 1776705A27E73318009011C1 /* PBXContainerItemProxy */;
		};
/* End PBXTargetDependency section */

/* Begin PBXVariantGroup section */
		1776704227E73315009011C1 /* Main.storyboard */ = {
			isa = PBXVariantGroup;
			children = (
				1776704327E73315009011C1 /* Base */,
			);
			name = Main.storyboard;
			sourceTree = "<group>";
		};
		1776704727E73317009011C1 /* LaunchScreen.storyboard */ = {
			isa = PBXVariantGroup;
			children = (
				1776704827E73317009011C1 /* Base */,
			);
			name = LaunchScreen.storyboard;
			sourceTree = "<group>";
		};
/* End PBXVariantGroup section */

/* Begin XCBuildConfiguration section */
		1776706127E73318009011C1 /* Debug */ = {
			isa = XCBuildConfiguration;
			buildSettings = {
				ALWAYS_SEARCH_USER_PATHS = NO;
				CLANG_ANALYZER_NONNULL = YES;
				CLANG_ANALYZER_NUMBER_OBJECT_CONVERSION = YES_AGGRESSIVE;
				CLANG_CXX_LANGUAGE_STANDARD = "gnu++17";
				CLANG_CXX_LIBRARY = "libc++";
				CLANG_ENABLE_MODULES = YES;
				CLANG_ENABLE_OBJC_ARC = YES;
				CLANG_ENABLE_OBJC_WEAK = YES;
				CLANG_WARN_BLOCK_CAPTURE_AUTORELEASING = YES;
				CLANG_WARN_BOOL_CONVERSION = YES;
				CLANG_WARN_COMMA = YES;
				CLANG_WARN_CONSTANT_CONVERSION = YES;
				CLANG_WARN_DEPRECATED_OBJC_IMPLEMENTATIONS = YES;
				CLANG_WARN_DIRECT_OBJC_ISA_USAGE = YES_ERROR;
				CLANG_WARN_DOCUMENTATION_COMMENTS = YES;
				CLANG_WARN_EMPTY_BODY = YES;
				CLANG_WARN_ENUM_CONVERSION = YES;
				CLANG_WARN_INFINITE_RECURSION = YES;
				CLANG_WARN_INT_CONVERSION = YES;
				CLANG_WARN_NON_LITERAL_NULL_CONVERSION = YES;
				CLANG_WARN_OBJC_IMPLICIT_RETAIN_SELF = YES;
				CLANG_WARN_OBJC_LITERAL_CONVERSION = YES;
				CLANG_WARN_OBJC_ROOT_CLASS = YES_ERROR;
				CLANG_WARN_QUOTED_INCLUDE_IN_FRAMEWORK_HEADER = YES;
				CLANG_WARN_RANGE_LOOP_ANALYSIS = YES;
				CLANG_WARN_STRICT_PROTOTYPES = YES;
				CLANG_WARN_SUSPICIOUS_MOVE = YES;
				CLANG_WARN_UNGUARDED_AVAILABILITY = YES_AGGRESSIVE;
				CLANG_WARN_UNREACHABLE_CODE = YES;
				CLANG_WARN__DUPLICATE_METHOD_MATCH = YES;
				COPY_PHASE_STRIP = NO;
				DEBUG_INFORMATION_FORMAT = dwarf;
				ENABLE_STRICT_OBJC_MSGSEND = YES;
				ENABLE_TESTABILITY = YES;
				GCC_C_LANGUAGE_STANDARD = gnu11;
				GCC_DYNAMIC_NO_PIC = NO;
				GCC_NO_COMMON_BLOCKS = YES;
				GCC_OPTIMIZATION_LEVEL = 0;
				GCC_PREPROCESSOR_DEFINITIONS = (
					"DEBUG=1",
					"$(inherited)",
				);
				GCC_WARN_64_TO_32_BIT_CONVERSION = YES;
				GCC_WARN_ABOUT_RETURN_TYPE = YES_ERROR;
				GCC_WARN_UNDECLARED_SELECTOR = YES;
				GCC_WARN_UNINITIALIZED_AUTOS = YES_AGGRESSIVE;
				GCC_WARN_UNUSED_FUNCTION = YES;
				GCC_WARN_UNUSED_VARIABLE = YES;
				IPHONEOS_DEPLOYMENT_TARGET = 15.2;
				MTL_ENABLE_DEBUG_INFO = INCLUDE_SOURCE;
				MTL_FAST_MATH = YES;
				ONLY_ACTIVE_ARCH = YES;
				SDKROOT = iphoneos;
				SWIFT_ACTIVE_COMPILATION_CONDITIONS = DEBUG;
				SWIFT_OPTIMIZATION_LEVEL = "-Onone";
			};
			name = Debug;
		};
		1776706227E73318009011C1 /* Release */ = {
			isa = XCBuildConfiguration;
			buildSettings = {
				ALWAYS_SEARCH_USER_PATHS = NO;
				CLANG_ANALYZER_NONNULL = YES;
				CLANG_ANALYZER_NUMBER_OBJECT_CONVERSION = YES_AGGRESSIVE;
				CLANG_CXX_LANGUAGE_STANDARD = "gnu++17";
				CLANG_CXX_LIBRARY = "libc++";
				CLANG_ENABLE_MODULES = YES;
				CLANG_ENABLE_OBJC_ARC = YES;
				CLANG_ENABLE_OBJC_WEAK = YES;
				CLANG_WARN_BLOCK_CAPTURE_AUTORELEASING = YES;
				CLANG_WARN_BOOL_CONVERSION = YES;
				CLANG_WARN_COMMA = YES;
				CLANG_WARN_CONSTANT_CONVERSION = YES;
				CLANG_WARN_DEPRECATED_OBJC_IMPLEMENTATIONS = YES;
				CLANG_WARN_DIRECT_OBJC_ISA_USAGE = YES_ERROR;
				CLANG_WARN_DOCUMENTATION_COMMENTS = YES;
				CLANG_WARN_EMPTY_BODY = YES;
				CLANG_WARN_ENUM_CONVERSION = YES;
				CLANG_WARN_INFINITE_RECURSION = YES;
				CLANG_WARN_INT_CONVERSION = YES;
				CLANG_WARN_NON_LITERAL_NULL_CONVERSION = YES;
				CLANG_WARN_OBJC_IMPLICIT_RETAIN_SELF = YES;
				CLANG_WARN_OBJC_LITERAL_CONVERSION = YES;
				CLANG_WARN_OBJC_ROOT_CLASS = YES_ERROR;
				CLANG_WARN_QUOTED_INCLUDE_IN_FRAMEWORK_HEADER = YES;
				CLANG_WARN_RANGE_LOOP_ANALYSIS = YES;
				CLANG_WARN_STRICT_PROTOTYPES = YES;
				CLANG_WARN_SUSPICIOUS_MOVE = YES;
				CLANG_WARN_UNGUARDED_AVAILABILITY = YES_AGGRESSIVE;
				CLANG_WARN_UNREACHABLE_CODE = YES;
				CLANG_WARN__DUPLICATE_METHOD_MATCH = YES;
				COPY_PHASE_STRIP = NO;
				DEBUG_INFORMATION_FORMAT = "dwarf-with-dsym";
				ENABLE_NS_ASSERTIONS = NO;
				ENABLE_STRICT_OBJC_MSGSEND = YES;
				GCC_C_LANGUAGE_STANDARD = gnu11;
				GCC_NO_COMMON_BLOCKS = YES;
				GCC_WARN_64_TO_32_BIT_CONVERSION = YES;
				GCC_WARN_ABOUT_RETURN_TYPE = YES_ERROR;
				GCC_WARN_UNDECLARED_SELECTOR = YES;
				GCC_WARN_UNINITIALIZED_AUTOS = YES_AGGRESSIVE;
				GCC_WARN_UNUSED_FUNCTION = YES;
				GCC_WARN_UNUSED_VARIABLE = YES;
				IPHONEOS_DEPLOYMENT_TARGET = 15.2;
				MTL_ENABLE_DEBUG_INFO = NO;
				MTL_FAST_MATH = YES;
				SDKROOT = iphoneos;
				SWIFT_COMPILATION_MODE = wholemodule;
				SWIFT_OPTIMIZATION_LEVEL = "-O";
				VALIDATE_PRODUCT = YES;
			};
			name = Release;
		};
		1776706427E73318009011C1 /* Debug */ = {
			isa = XCBuildConfiguration;
			buildSettings = {
				ASSETCATALOG_COMPILER_APPICON_NAME = AppIcon;
				ASSETCATALOG_COMPILER_GLOBAL_ACCENT_COLOR_NAME = AccentColor;
				CODE_SIGN_STYLE = Automatic;
				CURRENT_PROJECT_VERSION = 1;
				GENERATE_INFOPLIST_FILE = YES;
				INFOPLIST_FILE = iTunesClient/Info.plist;
				INFOPLIST_KEY_UIApplicationSupportsIndirectInputEvents = YES;
				INFOPLIST_KEY_UILaunchStoryboardName = LaunchScreen;
				INFOPLIST_KEY_UIMainStoryboardFile = Main;
				INFOPLIST_KEY_UISupportedInterfaceOrientations_iPad = "UIInterfaceOrientationPortrait UIInterfaceOrientationPortraitUpsideDown UIInterfaceOrientationLandscapeLeft UIInterfaceOrientationLandscapeRight";
				INFOPLIST_KEY_UISupportedInterfaceOrientations_iPhone = "UIInterfaceOrientationPortrait UIInterfaceOrientationLandscapeLeft UIInterfaceOrientationLandscapeRight";
				LD_RUNPATH_SEARCH_PATHS = (
					"$(inherited)",
					"@executable_path/Frameworks",
				);
				MARKETING_VERSION = 1.0;
				PRODUCT_BUNDLE_IDENTIFIER = "Suresh-Durishetti.iTunesClient";
				PRODUCT_NAME = "$(TARGET_NAME)";
				SWIFT_EMIT_LOC_STRINGS = YES;
				SWIFT_VERSION = 5.0;
				TARGETED_DEVICE_FAMILY = "1,2";
			};
			name = Debug;
		};
		1776706527E73318009011C1 /* Release */ = {
			isa = XCBuildConfiguration;
			buildSettings = {
				ASSETCATALOG_COMPILER_APPICON_NAME = AppIcon;
				ASSETCATALOG_COMPILER_GLOBAL_ACCENT_COLOR_NAME = AccentColor;
				CODE_SIGN_STYLE = Automatic;
				CURRENT_PROJECT_VERSION = 1;
				GENERATE_INFOPLIST_FILE = YES;
				INFOPLIST_FILE = iTunesClient/Info.plist;
				INFOPLIST_KEY_UIApplicationSupportsIndirectInputEvents = YES;
				INFOPLIST_KEY_UILaunchStoryboardName = LaunchScreen;
				INFOPLIST_KEY_UIMainStoryboardFile = Main;
				INFOPLIST_KEY_UISupportedInterfaceOrientations_iPad = "UIInterfaceOrientationPortrait UIInterfaceOrientationPortraitUpsideDown UIInterfaceOrientationLandscapeLeft UIInterfaceOrientationLandscapeRight";
				INFOPLIST_KEY_UISupportedInterfaceOrientations_iPhone = "UIInterfaceOrientationPortrait UIInterfaceOrientationLandscapeLeft UIInterfaceOrientationLandscapeRight";
				LD_RUNPATH_SEARCH_PATHS = (
					"$(inherited)",
					"@executable_path/Frameworks",
				);
				MARKETING_VERSION = 1.0;
				PRODUCT_BUNDLE_IDENTIFIER = "Suresh-Durishetti.iTunesClient";
				PRODUCT_NAME = "$(TARGET_NAME)";
				SWIFT_EMIT_LOC_STRINGS = YES;
				SWIFT_VERSION = 5.0;
				TARGETED_DEVICE_FAMILY = "1,2";
			};
			name = Release;
		};
		1776706727E73318009011C1 /* Debug */ = {
			isa = XCBuildConfiguration;
			buildSettings = {
				ALWAYS_EMBED_SWIFT_STANDARD_LIBRARIES = YES;
				BUNDLE_LOADER = "$(TEST_HOST)";
				CODE_SIGN_STYLE = Automatic;
				CURRENT_PROJECT_VERSION = 1;
				GENERATE_INFOPLIST_FILE = YES;
				IPHONEOS_DEPLOYMENT_TARGET = 15.2;
				MARKETING_VERSION = 1.0;
				PRODUCT_BUNDLE_IDENTIFIER = "Suresh-Durishetti.iTunesClientTests";
				PRODUCT_NAME = "$(TARGET_NAME)";
				SWIFT_EMIT_LOC_STRINGS = NO;
				SWIFT_VERSION = 5.0;
				TARGETED_DEVICE_FAMILY = "1,2";
				TEST_HOST = "$(BUILT_PRODUCTS_DIR)/iTunesClient.app/iTunesClient";
			};
			name = Debug;
		};
		1776706827E73318009011C1 /* Release */ = {
			isa = XCBuildConfiguration;
			buildSettings = {
				ALWAYS_EMBED_SWIFT_STANDARD_LIBRARIES = YES;
				BUNDLE_LOADER = "$(TEST_HOST)";
				CODE_SIGN_STYLE = Automatic;
				CURRENT_PROJECT_VERSION = 1;
				GENERATE_INFOPLIST_FILE = YES;
				IPHONEOS_DEPLOYMENT_TARGET = 15.2;
				MARKETING_VERSION = 1.0;
				PRODUCT_BUNDLE_IDENTIFIER = "Suresh-Durishetti.iTunesClientTests";
				PRODUCT_NAME = "$(TARGET_NAME)";
				SWIFT_EMIT_LOC_STRINGS = NO;
				SWIFT_VERSION = 5.0;
				TARGETED_DEVICE_FAMILY = "1,2";
				TEST_HOST = "$(BUILT_PRODUCTS_DIR)/iTunesClient.app/iTunesClient";
			};
			name = Release;
		};
		1776706A27E73318009011C1 /* Debug */ = {
			isa = XCBuildConfiguration;
			buildSettings = {
				ALWAYS_EMBED_SWIFT_STANDARD_LIBRARIES = YES;
				CODE_SIGN_STYLE = Automatic;
				CURRENT_PROJECT_VERSION = 1;
				GENERATE_INFOPLIST_FILE = YES;
				MARKETING_VERSION = 1.0;
				PRODUCT_BUNDLE_IDENTIFIER = "Suresh-Durishetti.iTunesClientUITests";
				PRODUCT_NAME = "$(TARGET_NAME)";
				SWIFT_EMIT_LOC_STRINGS = NO;
				SWIFT_VERSION = 5.0;
				TARGETED_DEVICE_FAMILY = "1,2";
				TEST_TARGET_NAME = iTunesClient;
			};
			name = Debug;
		};
		1776706B27E73318009011C1 /* Release */ = {
			isa = XCBuildConfiguration;
			buildSettings = {
				ALWAYS_EMBED_SWIFT_STANDARD_LIBRARIES = YES;
				CODE_SIGN_STYLE = Automatic;
				CURRENT_PROJECT_VERSION = 1;
				GENERATE_INFOPLIST_FILE = YES;
				MARKETING_VERSION = 1.0;
				PRODUCT_BUNDLE_IDENTIFIER = "Suresh-Durishetti.iTunesClientUITests";
				PRODUCT_NAME = "$(TARGET_NAME)";
				SWIFT_EMIT_LOC_STRINGS = NO;
				SWIFT_VERSION = 5.0;
				TARGETED_DEVICE_FAMILY = "1,2";
				TEST_TARGET_NAME = iTunesClient;
			};
			name = Release;
		};
/* End XCBuildConfiguration section */

/* Begin XCConfigurationList section */
		1776703427E73315009011C1 /* Build configuration list for PBXProject "iTunesClient" */ = {
			isa = XCConfigurationList;
			buildConfigurations = (
				1776706127E73318009011C1 /* Debug */,
				1776706227E73318009011C1 /* Release */,
			);
			defaultConfigurationIsVisible = 0;
			defaultConfigurationName = Release;
		};
		1776706327E73318009011C1 /* Build configuration list for PBXNativeTarget "iTunesClient" */ = {
			isa = XCConfigurationList;
			buildConfigurations = (
				1776706427E73318009011C1 /* Debug */,
				1776706527E73318009011C1 /* Release */,
			);
			defaultConfigurationIsVisible = 0;
			defaultConfigurationName = Release;
		};
		1776706627E73318009011C1 /* Build configuration list for PBXNativeTarget "iTunesClientTests" */ = {
			isa = XCConfigurationList;
			buildConfigurations = (
				1776706727E73318009011C1 /* Debug */,
				1776706827E73318009011C1 /* Release */,
			);
			defaultConfigurationIsVisible = 0;
			defaultConfigurationName = Release;
		};
		1776706927E73318009011C1 /* Build configuration list for PBXNativeTarget "iTunesClientUITests" */ = {
			isa = XCConfigurationList;
			buildConfigurations = (
				1776706A27E73318009011C1 /* Debug */,
				1776706B27E73318009011C1 /* Release */,
			);
			defaultConfigurationIsVisible = 0;
			defaultConfigurationName = Release;
		};
/* End XCConfigurationList section */
	};
	rootObject = 1776703127E73315009011C1 /* Project object */;
}
